
Microsoft Visual Studio Solution File, Format Version 12.00
# Visual Studio Version 17
VisualStudioVersion = 17.13.35828.75
MinimumVisualStudioVersion = 10.0.40219.1
Project("{FAE04EC0-301F-11D3-BF4B-00C04F79EFBC}") = "csdn_chuankou", "csdn_chuankou\csdn_chuankou.csproj", "{DE5199FE-11AC-4B90-9AFB-A65BC5C6FDD5}"
EndProject
Project("{FAE04EC0-301F-11D3-BF4B-00C04F79EFBC}") = "serial_port_demo", "SerialPortdemo\serial_port_demo.csproj", "{42777D56-E101-44B3-ADB9-23592E1EBDC9}"
EndProject
Global
	GlobalSection(SolutionConfigurationPlatforms) = preSolution
		Debug|Any CPU = Debug|Any CPU
		Release|Any CPU = Release|Any CPU
	EndGlobalSection
	GlobalSection(ProjectConfigurationPlatforms) = postSolution
		{DE5199FE-11AC-4B90-9AFB-A65BC5C6FDD5}.Debug|Any CPU.ActiveCfg = Debug|Any CPU
		{DE5199FE-11AC-4B90-9AFB-A65BC5C6FDD5}.Debug|Any CPU.Build.0 = Debug|Any CPU
		{DE5199FE-11AC-4B90-9AFB-A65BC5C6FDD5}.Release|Any CPU.ActiveCfg = Release|Any CPU
		{DE5199FE-11AC-4B90-9AFB-A65BC5C6FDD5}.Release|Any CPU.Build.0 = Release|Any CPU
		{42777D56-E101-44B3-ADB9-23592E1EBDC9}.Debug|Any CPU.ActiveCfg = Debug|Any CPU
		{42777D56-E101-44B3-ADB9-23592E1EBDC9}.Debug|Any CPU.Build.0 = Debug|Any CPU
		{42777D56-E101-44B3-ADB9-23592E1EBDC9}.Release|Any CPU.ActiveCfg = Release|Any CPU
		{42777D56-E101-44B3-ADB9-23592E1EBDC9}.Release|Any CPU.Build.0 = Release|Any CPU
	EndGlobalSection
	GlobalSection(SolutionProperties) = preSolution
		HideSolutionNode = FALSE
	EndGlobalSection
	GlobalSection(ExtensibilityGlobals) = postSolution
		SolutionGuid = {E39519E7-B587-4858-A062-9A7735D8209C}
	EndGlobalSection
EndGlobal
